
Microsoft Visual Studio Solution File, Format Version 12.00
# Visual Studio Version 17
VisualStudioVersion = 17.12.35527.113
MinimumVisualStudioVersion = 10.0.40219.1
Project("{FAE04EC0-301F-11D3-BF4B-00C04F79EFBC}") = "Lin.ScreenCapture", "Lin.ScreenCapture\Lin.ScreenCapture.csproj", "{0D5DDAF3-0CED-4DF9-92E0-805E9125B874}"
EndProject
Project("{FAE04EC0-301F-11D3-BF4B-00C04F79EFBC}") = "Lin.ScreenCaptrue.Test", "Lin.ScreenCaptrue.Test\Lin.ScreenCaptrue.Test.csproj", "{5DC72A65-7F33-43FC-B863-A6D983C28513}"
EndProject
Global
	GlobalSection(SolutionConfigurationPlatforms) = preSolution
		Debug|Any CPU = Debug|Any CPU
		Release|Any CPU = Release|Any CPU
	EndGlobalSection
	GlobalSection(ProjectConfigurationPlatforms) = postSolution
		{0D5DDAF3-0CED-4DF9-92E0-805E9125B874}.Debug|Any CPU.ActiveCfg = Debug|Any CPU
		{0D5DDAF3-0CED-4DF9-92E0-805E9125B874}.Debug|Any CPU.Build.0 = Debug|Any CPU
		{0D5DDAF3-0CED-4DF9-92E0-805E9125B874}.Release|Any CPU.ActiveCfg = Release|Any CPU
		{0D5DDAF3-0CED-4DF9-92E0-805E9125B874}.Release|Any CPU.Build.0 = Release|Any CPU
		{5DC72A65-7F33-43FC-B863-A6D983C28513}.Debug|Any CPU.ActiveCfg = Debug|Any CPU
		{5DC72A65-7F33-43FC-B863-A6D983C28513}.Debug|Any CPU.Build.0 = Debug|Any CPU
		{5DC72A65-7F33-43FC-B863-A6D983C28513}.Release|Any CPU.ActiveCfg = Release|Any CPU
		{5DC72A65-7F33-43FC-B863-A6D983C28513}.Release|Any CPU.Build.0 = Release|Any CPU
	EndGlobalSection
	GlobalSection(SolutionProperties) = preSolution
		HideSolutionNode = FALSE
	EndGlobalSection
	GlobalSection(ExtensibilityGlobals) = postSolution
		SolutionGuid = {D60C1D86-0E1A-43E5-8227-EB6E629C8A5E}
	EndGlobalSection
EndGlobal
